// !$*UTF8*$!
{
	archiveVersion = 1;
	classes = {
	};
	objectVersion = 50;
	objects = {

/* Begin PBXBuildFile section */
		FF04F19224D49EB700BF6C58 /* Decodable.swift in Sources */ = {isa = PBXBuildFile; fileRef = FF04F19124D49EB700BF6C58 /* Decodable.swift */; };
		FF04F19624D4A3D100BF6C58 /* Values.swift in Sources */ = {isa = PBXBuildFile; fileRef = FF04F19524D4A3D100BF6C58 /* Values.swift */; };
		FF4ACA4123E5E42F00BE35CA /* ExchangeViewModel.swift in Sources */ = {isa = PBXBuildFile; fileRef = FF4ACA4023E5E42F00BE35CA /* ExchangeViewModel.swift */; };
		FF4ACA4323E5E51B00BE35CA /* ValuteCellViewModel.swift in Sources */ = {isa = PBXBuildFile; fileRef = FF4ACA4223E5E51B00BE35CA /* ValuteCellViewModel.swift */; };
		FF4ACA4523E5E93600BE35CA /* Double.swift in Sources */ = {isa = PBXBuildFile; fileRef = FF4ACA4423E5E93600BE35CA /* Double.swift */; };
		FF71B42D23F9579E000316CB /* UITableView.swift in Sources */ = {isa = PBXBuildFile; fileRef = FF71B42C23F9579E000316CB /* UITableView.swift */; };
		FFC92F76246B06AD00EE53F1 /* HttpClient.swift in Sources */ = {isa = PBXBuildFile; fileRef = FFC92F75246B06AD00EE53F1 /* HttpClient.swift */; };
		FFC92F78246B097900EE53F1 /* HTTPURLResponse.swift in Sources */ = {isa = PBXBuildFile; fileRef = FFC92F77246B097900EE53F1 /* HTTPURLResponse.swift */; };
		FFCBE30C2327B6A50037ABA0 /* AppDelegate.swift in Sources */ = {isa = PBXBuildFile; fileRef = FFCBE30B2327B6A50037ABA0 /* AppDelegate.swift */; };
		FFCBE3112327B6A50037ABA0 /* Main.storyboard in Resources */ = {isa = PBXBuildFile; fileRef = FFCBE30F2327B6A50037ABA0 /* Main.storyboard */; };
		FFCBE3132327B6A60037ABA0 /* Assets.xcassets in Resources */ = {isa = PBXBuildFile; fileRef = FFCBE3122327B6A60037ABA0 /* Assets.xcassets */; };
		FFCBE3162327B6A60037ABA0 /* LaunchScreen.storyboard in Resources */ = {isa = PBXBuildFile; fileRef = FFCBE3142327B6A60037ABA0 /* LaunchScreen.storyboard */; };
		FFCBE31E2327C61C0037ABA0 /* ExchangeTableViewController.swift in Sources */ = {isa = PBXBuildFile; fileRef = FFCBE31D2327C61C0037ABA0 /* ExchangeTableViewController.swift */; };
		FFCBE3202327CAE40037ABA0 /* Valute.swift in Sources */ = {isa = PBXBuildFile; fileRef = FFCBE31F2327CAE40037ABA0 /* Valute.swift */; };
		FFCBE3222327CD640037ABA0 /* Networker.swift in Sources */ = {isa = PBXBuildFile; fileRef = FFCBE3212327CD640037ABA0 /* Networker.swift */; };
		FFCBE32B23282F5C0037ABA0 /* ValuteCell.swift in Sources */ = {isa = PBXBuildFile; fileRef = FFCBE32A23282F5C0037ABA0 /* ValuteCell.swift */; };
		FFCBE32D23283CFE0037ABA0 /* RepeatingTimer.swift in Sources */ = {isa = PBXBuildFile; fileRef = FFCBE32C23283CFE0037ABA0 /* RepeatingTimer.swift */; };
/* End PBXBuildFile section */

/* Begin PBXFileReference section */
		FF04F19124D49EB700BF6C58 /* Decodable.swift */ = {isa = PBXFileReference; lastKnownFileType = sourcecode.swift; path = Decodable.swift; sourceTree = "<group>"; };
		FF04F19524D4A3D100BF6C58 /* Values.swift */ = {isa = PBXFileReference; lastKnownFileType = sourcecode.swift; path = Values.swift; sourceTree = "<group>"; };
		FF4ACA4023E5E42F00BE35CA /* ExchangeViewModel.swift */ = {isa = PBXFileReference; lastKnownFileType = sourcecode.swift; path = ExchangeViewModel.swift; sourceTree = "<group>"; };
		FF4ACA4223E5E51B00BE35CA /* ValuteCellViewModel.swift */ = {isa = PBXFileReference; lastKnownFileType = sourcecode.swift; path = ValuteCellViewModel.swift; sourceTree = "<group>"; };
		FF4ACA4423E5E93600BE35CA /* Double.swift */ = {isa = PBXFileReference; lastKnownFileType = sourcecode.swift; path = Double.swift; sourceTree = "<group>"; };
		FF71B42C23F9579E000316CB /* UITableView.swift */ = {isa = PBXFileReference; fileEncoding = 4; lastKnownFileType = sourcecode.swift; path = UITableView.swift; sourceTree = "<group>"; };
		FFC92F75246B06AD00EE53F1 /* HttpClient.swift */ = {isa = PBXFileReference; lastKnownFileType = sourcecode.swift; path = HttpClient.swift; sourceTree = "<group>"; };
		FFC92F77246B097900EE53F1 /* HTTPURLResponse.swift */ = {isa = PBXFileReference; lastKnownFileType = sourcecode.swift; path = HTTPURLResponse.swift; sourceTree = "<group>"; };
		FFCBE3082327B6A50037ABA0 /* Exchange.app */ = {isa = PBXFileReference; explicitFileType = wrapper.application; includeInIndex = 0; path = Exchange.app; sourceTree = BUILT_PRODUCTS_DIR; };
		FFCBE30B2327B6A50037ABA0 /* AppDelegate.swift */ = {isa = PBXFileReference; lastKnownFileType = sourcecode.swift; path = AppDelegate.swift; sourceTree = "<group>"; };
		FFCBE3102327B6A50037ABA0 /* Base */ = {isa = PBXFileReference; lastKnownFileType = file.storyboard; name = Base; path = Base.lproj/Main.storyboard; sourceTree = "<group>"; };
		FFCBE3122327B6A60037ABA0 /* Assets.xcassets */ = {isa = PBXFileReference; lastKnownFileType = folder.assetcatalog; path = Assets.xcassets; sourceTree = "<group>"; };
		FFCBE3152327B6A60037ABA0 /* Base */ = {isa = PBXFileReference; lastKnownFileType = file.storyboard; name = Base; path = Base.lproj/LaunchScreen.storyboard; sourceTree = "<group>"; };
		FFCBE3172327B6A60037ABA0 /* Info.plist */ = {isa = PBXFileReference; lastKnownFileType = text.plist.xml; path = Info.plist; sourceTree = "<group>"; };
		FFCBE31D2327C61C0037ABA0 /* ExchangeTableViewController.swift */ = {isa = PBXFileReference; lastKnownFileType = sourcecode.swift; path = ExchangeTableViewController.swift; sourceTree = "<group>"; };
		FFCBE31F2327CAE40037ABA0 /* Valute.swift */ = {isa = PBXFileReference; lastKnownFileType = sourcecode.swift; path = Valute.swift; sourceTree = "<group>"; };
		FFCBE3212327CD640037ABA0 /* Networker.swift */ = {isa = PBXFileReference; lastKnownFileType = sourcecode.swift; path = Networker.swift; sourceTree = "<group>"; };
		FFCBE32A23282F5C0037ABA0 /* ValuteCell.swift */ = {isa = PBXFileReference; lastKnownFileType = sourcecode.swift; path = ValuteCell.swift; sourceTree = "<group>"; };
		FFCBE32C23283CFE0037ABA0 /* RepeatingTimer.swift */ = {isa = PBXFileReference; lastKnownFileType = sourcecode.swift; path = RepeatingTimer.swift; sourceTree = "<group>"; };
/* End PBXFileReference section */

/* Begin PBXFrameworksBuildPhase section */
		FFCBE3052327B6A50037ABA0 /* Frameworks */ = {
			isa = PBXFrameworksBuildPhase;
			buildActionMask = 2147483647;
			files = (
			);
			runOnlyForDeploymentPostprocessing = 0;
		};
/* End PBXFrameworksBuildPhase section */

/* Begin PBXGroup section */
		FF4ACA4623E5EB7B00BE35CA /* ViewModel */ = {
			isa = PBXGroup;
			children = (
				FF4ACA4023E5E42F00BE35CA /* ExchangeViewModel.swift */,
				FF4ACA4223E5E51B00BE35CA /* ValuteCellViewModel.swift */,
			);
			path = ViewModel;
			sourceTree = "<group>";
		};
		FF4ACA4723E5EB9700BE35CA /* View */ = {
			isa = PBXGroup;
			children = (
				FFCBE31D2327C61C0037ABA0 /* ExchangeTableViewController.swift */,
				FFCBE32A23282F5C0037ABA0 /* ValuteCell.swift */,
			);
			path = View;
			sourceTree = "<group>";
		};
		FF71B42E23F957B7000316CB /* Extensions */ = {
			isa = PBXGroup;
			children = (
				FF04F19124D49EB700BF6C58 /* Decodable.swift */,
				FF4ACA4423E5E93600BE35CA /* Double.swift */,
				FFC92F77246B097900EE53F1 /* HTTPURLResponse.swift */,
				FF71B42C23F9579E000316CB /* UITableView.swift */,
				FF04F19524D4A3D100BF6C58 /* Values.swift */,
			);
			path = Extensions;
			sourceTree = "<group>";
		};
		FFCBE2FF2327B6A50037ABA0 = {
			isa = PBXGroup;
			children = (
				FFCBE30A2327B6A50037ABA0 /* Exchange */,
				FFCBE3092327B6A50037ABA0 /* Products */,
			);
			sourceTree = "<group>";
		};
		FFCBE3092327B6A50037ABA0 /* Products */ = {
			isa = PBXGroup;
			children = (
				FFCBE3082327B6A50037ABA0 /* Exchange.app */,
			);
			name = Products;
			sourceTree = "<group>";
		};
		FFCBE30A2327B6A50037ABA0 /* Exchange */ = {
			isa = PBXGroup;
			children = (
				FFCBE30B2327B6A50037ABA0 /* AppDelegate.swift */,
				FF4ACA4723E5EB9700BE35CA /* View */,
				FF4ACA4623E5EB7B00BE35CA /* ViewModel */,
				FF71B42E23F957B7000316CB /* Extensions */,
				FFCBE31F2327CAE40037ABA0 /* Valute.swift */,
				FFCBE32C23283CFE0037ABA0 /* RepeatingTimer.swift */,
				FFCBE329232825770037ABA0 /* NetworkService */,
				FFCBE3122327B6A60037ABA0 /* Assets.xcassets */,
				FFCBE3142327B6A60037ABA0 /* LaunchScreen.storyboard */,
				FFCBE30F2327B6A50037ABA0 /* Main.storyboard */,
				FFCBE3172327B6A60037ABA0 /* Info.plist */,
			);
			path = Exchange;
			sourceTree = "<group>";
		};
		FFCBE329232825770037ABA0 /* NetworkService */ = {
			isa = PBXGroup;
			children = (
				FFCBE3212327CD640037ABA0 /* Networker.swift */,
				FFC92F75246B06AD00EE53F1 /* HttpClient.swift */,
			);
			path = NetworkService;
			sourceTree = "<group>";
		};
/* End PBXGroup section */

/* Begin PBXNativeTarget section */
		FFCBE3072327B6A50037ABA0 /* Exchange */ = {
			isa = PBXNativeTarget;
			buildConfigurationList = FFCBE31A2327B6A60037ABA0 /* Build configuration list for PBXNativeTarget "Exchange" */;
			buildPhases = (
				FFCBE3042327B6A50037ABA0 /* Sources */,
				FFCBE3052327B6A50037ABA0 /* Frameworks */,
				FFCBE3062327B6A50037ABA0 /* Resources */,
			);
			buildRules = (
			);
			dependencies = (
			);
			name = Exchange;
			productName = Exchange;
			productReference = FFCBE3082327B6A50037ABA0 /* Exchange.app */;
			productType = "com.apple.product-type.application";
		};
/* End PBXNativeTarget section */

/* Begin PBXProject section */
		FFCBE3002327B6A50037ABA0 /* Project object */ = {
			isa = PBXProject;
			attributes = {
				LastSwiftUpdateCheck = 1030;
				LastUpgradeCheck = 1030;
				ORGANIZATIONNAME = "Александр Алгашев";
				TargetAttributes = {
					FFCBE3072327B6A50037ABA0 = {
						CreatedOnToolsVersion = 10.3;
					};
				};
			};
			buildConfigurationList = FFCBE3032327B6A50037ABA0 /* Build configuration list for PBXProject "Exchange" */;
			compatibilityVersion = "Xcode 9.3";
			developmentRegion = en;
			hasScannedForEncodings = 0;
			knownRegions = (
				en,
				Base,
			);
			mainGroup = FFCBE2FF2327B6A50037ABA0;
			productRefGroup = FFCBE3092327B6A50037ABA0 /* Products */;
			projectDirPath = "";
			projectRoot = "";
			targets = (
				FFCBE3072327B6A50037ABA0 /* Exchange */,
			);
		};
/* End PBXProject section */

/* Begin PBXResourcesBuildPhase section */
		FFCBE3062327B6A50037ABA0 /* Resources */ = {
			isa = PBXResourcesBuildPhase;
			buildActionMask = 2147483647;
			files = (
				FFCBE3162327B6A60037ABA0 /* LaunchScreen.storyboard in Resources */,
				FFCBE3132327B6A60037ABA0 /* Assets.xcassets in Resources */,
				FFCBE3112327B6A50037ABA0 /* Main.storyboard in Resources */,
			);
			runOnlyForDeploymentPostprocessing = 0;
		};
/* End PBXResourcesBuildPhase section */

/* Begin PBXSourcesBuildPhase section */
		FFCBE3042327B6A50037ABA0 /* Sources */ = {
			isa = PBXSourcesBuildPhase;
			buildActionMask = 2147483647;
			files = (
				FFCBE32B23282F5C0037ABA0 /* ValuteCell.swift in Sources */,
				FF4ACA4123E5E42F00BE35CA /* ExchangeViewModel.swift in Sources */,
				FFC92F78246B097900EE53F1 /* HTTPURLResponse.swift in Sources */,
				FF04F19224D49EB700BF6C58 /* Decodable.swift in Sources */,
				FFC92F76246B06AD00EE53F1 /* HttpClient.swift in Sources */,
				FFCBE31E2327C61C0037ABA0 /* ExchangeTableViewController.swift in Sources */,
				FFCBE32D23283CFE0037ABA0 /* RepeatingTimer.swift in Sources */,
				FF04F19624D4A3D100BF6C58 /* Values.swift in Sources */,
				FF4ACA4323E5E51B00BE35CA /* ValuteCellViewModel.swift in Sources */,
				FFCBE3202327CAE40037ABA0 /* Valute.swift in Sources */,
				FF71B42D23F9579E000316CB /* UITableView.swift in Sources */,
				FFCBE3222327CD640037ABA0 /* Networker.swift in Sources */,
				FF4ACA4523E5E93600BE35CA /* Double.swift in Sources */,
				FFCBE30C2327B6A50037ABA0 /* AppDelegate.swift in Sources */,
			);
			runOnlyForDeploymentPostprocessing = 0;
		};
/* End PBXSourcesBuildPhase section */

/* Begin PBXVariantGroup section */
		FFCBE30F2327B6A50037ABA0 /* Main.storyboard */ = {
			isa = PBXVariantGroup;
			children = (
				FFCBE3102327B6A50037ABA0 /* Base */,
			);
			name = Main.storyboard;
			sourceTree = "<group>";
		};
		FFCBE3142327B6A60037ABA0 /* LaunchScreen.storyboard */ = {
			isa = PBXVariantGroup;
			children = (
				FFCBE3152327B6A60037ABA0 /* Base */,
			);
			name = LaunchScreen.storyboard;
			sourceTree = "<group>";
		};
/* End PBXVariantGroup section */

/* Begin XCBuildConfiguration section */
		FFCBE3182327B6A60037ABA0 /* Debug */ = {
			isa = XCBuildConfiguration;
			buildSettings = {
				ALWAYS_SEARCH_USER_PATHS = NO;
				CLANG_ANALYZER_NONNULL = YES;
				CLANG_ANALYZER_NUMBER_OBJECT_CONVERSION = YES_AGGRESSIVE;
				CLANG_CXX_LANGUAGE_STANDARD = "gnu++14";
				CLANG_CXX_LIBRARY = "libc++";
				CLANG_ENABLE_MODULES = YES;
				CLANG_ENABLE_OBJC_ARC = YES;
				CLANG_ENABLE_OBJC_WEAK = YES;
				CLANG_WARN_BLOCK_CAPTURE_AUTORELEASING = YES;
				CLANG_WARN_BOOL_CONVERSION = YES;
				CLANG_WARN_COMMA = YES;
				CLANG_WARN_CONSTANT_CONVERSION = YES;
				CLANG_WARN_DEPRECATED_OBJC_IMPLEMENTATIONS = YES;
				CLANG_WARN_DIRECT_OBJC_ISA_USAGE = YES_ERROR;
				CLANG_WARN_DOCUMENTATION_COMMENTS = YES;
				CLANG_WARN_EMPTY_BODY = YES;
				CLANG_WARN_ENUM_CONVERSION = YES;
				CLANG_WARN_INFINITE_RECURSION = YES;
				CLANG_WARN_INT_CONVERSION = YES;
				CLANG_WARN_NON_LITERAL_NULL_CONVERSION = YES;
				CLANG_WARN_OBJC_IMPLICIT_RETAIN_SELF = YES;
				CLANG_WARN_OBJC_LITERAL_CONVERSION = YES;
				CLANG_WARN_OBJC_ROOT_CLASS = YES_ERROR;
				CLANG_WARN_RANGE_LOOP_ANALYSIS = YES;
				CLANG_WARN_STRICT_PROTOTYPES = YES;
				CLANG_WARN_SUSPICIOUS_MOVE = YES;
				CLANG_WARN_UNGUARDED_AVAILABILITY = YES_AGGRESSIVE;
				CLANG_WARN_UNREACHABLE_CODE = YES;
				CLANG_WARN__DUPLICATE_METHOD_MATCH = YES;
				CODE_SIGN_IDENTITY = "iPhone Developer";
				COPY_PHASE_STRIP = NO;
				DEBUG_INFORMATION_FORMAT = dwarf;
				ENABLE_STRICT_OBJC_MSGSEND = YES;
				ENABLE_TESTABILITY = YES;
				GCC_C_LANGUAGE_STANDARD = gnu11;
				GCC_DYNAMIC_NO_PIC = NO;
				GCC_NO_COMMON_BLOCKS = YES;
				GCC_OPTIMIZATION_LEVEL = 0;
				GCC_PREPROCESSOR_DEFINITIONS = (
					"DEBUG=1",
					"$(inherited)",
				);
				GCC_WARN_64_TO_32_BIT_CONVERSION = YES;
				GCC_WARN_ABOUT_RETURN_TYPE = YES_ERROR;
				GCC_WARN_UNDECLARED_SELECTOR = YES;
				GCC_WARN_UNINITIALIZED_AUTOS = YES_AGGRESSIVE;
				GCC_WARN_UNUSED_FUNCTION = YES;
				GCC_WARN_UNUSED_VARIABLE = YES;
				IPHONEOS_DEPLOYMENT_TARGET = 12.4;
				MTL_ENABLE_DEBUG_INFO = INCLUDE_SOURCE;
				MTL_FAST_MATH = YES;
				ONLY_ACTIVE_ARCH = YES;
				SDKROOT = iphoneos;
				SWIFT_ACTIVE_COMPILATION_CONDITIONS = DEBUG;
				SWIFT_OPTIMIZATION_LEVEL = "-Onone";
			};
			name = Debug;
		};
		FFCBE3192327B6A60037ABA0 /* Release */ = {
			isa = XCBuildConfiguration;
			buildSettings = {
				ALWAYS_SEARCH_USER_PATHS = NO;
				CLANG_ANALYZER_NONNULL = YES;
				CLANG_ANALYZER_NUMBER_OBJECT_CONVERSION = YES_AGGRESSIVE;
				CLANG_CXX_LANGUAGE_STANDARD = "gnu++14";
				CLANG_CXX_LIBRARY = "libc++";
				CLANG_ENABLE_MODULES = YES;
				CLANG_ENABLE_OBJC_ARC = YES;
				CLANG_ENABLE_OBJC_WEAK = YES;
				CLANG_WARN_BLOCK_CAPTURE_AUTORELEASING = YES;
				CLANG_WARN_BOOL_CONVERSION = YES;
				CLANG_WARN_COMMA = YES;
				CLANG_WARN_CONSTANT_CONVERSION = YES;
				CLANG_WARN_DEPRECATED_OBJC_IMPLEMENTATIONS = YES;
				CLANG_WARN_DIRECT_OBJC_ISA_USAGE = YES_ERROR;
				CLANG_WARN_DOCUMENTATION_COMMENTS = YES;
				CLANG_WARN_EMPTY_BODY = YES;
				CLANG_WARN_ENUM_CONVERSION = YES;
				CLANG_WARN_INFINITE_RECURSION = YES;
				CLANG_WARN_INT_CONVERSION = YES;
				CLANG_WARN_NON_LITERAL_NULL_CONVERSION = YES;
				CLANG_WARN_OBJC_IMPLICIT_RETAIN_SELF = YES;
				CLANG_WARN_OBJC_LITERAL_CONVERSION = YES;
				CLANG_WARN_OBJC_ROOT_CLASS = YES_ERROR;
				CLANG_WARN_RANGE_LOOP_ANALYSIS = YES;
				CLANG_WARN_STRICT_PROTOTYPES = YES;
				CLANG_WARN_SUSPICIOUS_MOVE = YES;
				CLANG_WARN_UNGUARDED_AVAILABILITY = YES_AGGRESSIVE;
				CLANG_WARN_UNREACHABLE_CODE = YES;
				CLANG_WARN__DUPLICATE_METHOD_MATCH = YES;
				CODE_SIGN_IDENTITY = "iPhone Developer";
				COPY_PHASE_STRIP = NO;
				DEBUG_INFORMATION_FORMAT = "dwarf-with-dsym";
				ENABLE_NS_ASSERTIONS = NO;
				ENABLE_STRICT_OBJC_MSGSEND = YES;
				GCC_C_LANGUAGE_STANDARD = gnu11;
				GCC_NO_COMMON_BLOCKS = YES;
				GCC_WARN_64_TO_32_BIT_CONVERSION = YES;
				GCC_WARN_ABOUT_RETURN_TYPE = YES_ERROR;
				GCC_WARN_UNDECLARED_SELECTOR = YES;
				GCC_WARN_UNINITIALIZED_AUTOS = YES_AGGRESSIVE;
				GCC_WARN_UNUSED_FUNCTION = YES;
				GCC_WARN_UNUSED_VARIABLE = YES;
				IPHONEOS_DEPLOYMENT_TARGET = 12.4;
				MTL_ENABLE_DEBUG_INFO = NO;
				MTL_FAST_MATH = YES;
				SDKROOT = iphoneos;
				SWIFT_COMPILATION_MODE = wholemodule;
				SWIFT_OPTIMIZATION_LEVEL = "-O";
				VALIDATE_PRODUCT = YES;
			};
			name = Release;
		};
		FFCBE31B2327B6A60037ABA0 /* Debug */ = {
			isa = XCBuildConfiguration;
			buildSettings = {
				ASSETCATALOG_COMPILER_APPICON_NAME = AppIcon;
				CODE_SIGN_STYLE = Automatic;
				DEVELOPMENT_TEAM = SQ2J8S5B39;
				INFOPLIST_FILE = Exchange/Info.plist;
				LD_RUNPATH_SEARCH_PATHS = (
					"$(inherited)",
					"@executable_path/Frameworks",
				);
				PRODUCT_BUNDLE_IDENTIFIER = algashev.Exchange;
				PRODUCT_NAME = "$(TARGET_NAME)";
				SWIFT_VERSION = 5.0;
				TARGETED_DEVICE_FAMILY = 1;
			};
			name = Debug;
		};
		FFCBE31C2327B6A60037ABA0 /* Release */ = {
			isa = XCBuildConfiguration;
			buildSettings = {
				ASSETCATALOG_COMPILER_APPICON_NAME = AppIcon;
				CODE_SIGN_STYLE = Automatic;
				DEVELOPMENT_TEAM = SQ2J8S5B39;
				INFOPLIST_FILE = Exchange/Info.plist;
				LD_RUNPATH_SEARCH_PATHS = (
					"$(inherited)",
					"@executable_path/Frameworks",
				);
				PRODUCT_BUNDLE_IDENTIFIER = algashev.Exchange;
				PRODUCT_NAME = "$(TARGET_NAME)";
				SWIFT_VERSION = 5.0;
				TARGETED_DEVICE_FAMILY = 1;
			};
			name = Release;
		};
/* End XCBuildConfiguration section */

/* Begin XCConfigurationList section */
		FFCBE3032327B6A50037ABA0 /* Build configuration list for PBXProject "Exchange" */ = {
			isa = XCConfigurationList;
			buildConfigurations = (
				FFCBE3182327B6A60037ABA0 /* Debug */,
				FFCBE3192327B6A60037ABA0 /* Release */,
			);
			defaultConfigurationIsVisible = 0;
			defaultConfigurationName = Release;
		};
		FFCBE31A2327B6A60037ABA0 /* Build configuration list for PBXNativeTarget "Exchange" */ = {
			isa = XCConfigurationList;
			buildConfigurations = (
				FFCBE31B2327B6A60037ABA0 /* Debug */,
				FFCBE31C2327B6A60037ABA0 /* Release */,
			);
			defaultConfigurationIsVisible = 0;
			defaultConfigurationName = Release;
		};
/* End XCConfigurationList section */
	};
	rootObject = FFCBE3002327B6A50037ABA0 /* Project object */;
}
